// !$*UTF8*$!
{
	archiveVersion = 1;
	classes = {
	};
	objectVersion = 77;
	objects = {

/* Begin PBXBuildFile section */
		DD412C0F40D845C4A9EB847A /* MetricVisibilityTests.swift in Sources */ = {isa = PBXBuildFile; fileRef = C579328FC3CC411AA09CA0E0 /* MetricVisibilityTests.swift */; };
		EF8050FB39E24B7DBF8BAB95 /* WorkoutDetailDataTests.swift in Sources */ = {isa = PBXBuildFile; fileRef = 57E8806C06CA420B86EA5D0A /* WorkoutDetailDataTests.swift */; };
		A5232C8B87204F5B823CEAC6 /* DailyReadinessViewModelTests.swift in Sources */ = {isa = PBXBuildFile; fileRef = 8181863787FB493F961291F4 /* DailyReadinessViewModelTests.swift */; };
		B195B38548D448EF97377901 /* StatisticsViewModelTests.swift in Sources */ = {isa = PBXBuildFile; fileRef = B195B38548D448EF97377902 /* StatisticsViewModelTests.swift */; };
		A16092026000000000000001 /* recovery-scores.json in Resources */ = {isa = PBXBuildFile; fileRef = A16092026000000000000002 /* recovery-scores.json */; };
		FCBA47A38CBA46CB90741701 /* TrainingPlanStabilityTests.swift in Sources */ = {isa = PBXBuildFile; fileRef = FCBA47A38CBA46CB90741702 /* TrainingPlanStabilityTests.swift */; };
		A0D180000000000000000004 /* AgentStreamParserTests.swift in Sources */ = {isa = PBXBuildFile; fileRef = A0D170000000000000000004 /* AgentStreamParserTests.swift */; };
		A0D180000000000000000007 /* WorkoutRaceStoreTests.swift in Sources */ = {isa = PBXBuildFile; fileRef = A0D170000000000000000007 /* WorkoutRaceStoreTests.swift */; };
		A0D180000000000000000008 /* StabilityIntegrationTests.swift in Sources */ = {isa = PBXBuildFile; fileRef = A0D170000000000000000008 /* StabilityIntegrationTests.swift */; };
		B2D690B1CE934F58946FA101 /* WorkoutSearchFilterTests.swift in Sources */ = {isa = PBXBuildFile; fileRef = B2D690B1CE934F58946FA102 /* WorkoutSearchFilterTests.swift */; };
		AC93FE0D507E4B5A86063102 /* WorkoutNameStoreTests.swift in Sources */ = {isa = PBXBuildFile; fileRef = AC93FE0D507E4B5A86063101 /* WorkoutNameStoreTests.swift */; };
		A0D180000000000000000009 /* SubscriptionOutcomeTrackerTests.swift in Sources */ = {isa = PBXBuildFile; fileRef = A0D170000000000000000009 /* SubscriptionOutcomeTrackerTests.swift */; };
		A0D180000000000000000006 /* MetricTrendLoadingTests.swift in Sources */ = {isa = PBXBuildFile; fileRef = A0D170000000000000000006 /* MetricTrendLoadingTests.swift */; };
		A0D180000000000000000005 /* ConcurrentRequestCoalescerTests.swift in Sources */ = {isa = PBXBuildFile; fileRef = A0D170000000000000000005 /* ConcurrentRequestCoalescerTests.swift */; };
		A0D180000000000000000003 /* WorkoutKitErrorTests.swift in Sources */ = {isa = PBXBuildFile; fileRef = A0D170000000000000000003 /* WorkoutKitErrorTests.swift */; };
		A0D180000000000000000002 /* ScoreAnalysisViewModelTests.swift in Sources */ = {isa = PBXBuildFile; fileRef = A0D170000000000000000002 /* ScoreAnalysisViewModelTests.swift */; };
		A0D180000000000000000001 /* NoSleepModeTests.swift in Sources */ = {isa = PBXBuildFile; fileRef = A0D170000000000000000001 /* NoSleepModeTests.swift */; };
		A0D180000000000000000000 /* NotificationManagerTests.swift in Sources */ = {isa = PBXBuildFile; fileRef = A0D170000000000000000000 /* NotificationManagerTests.swift */; };
		BE65974B2EB222A300565DAC /* RevenueCat in Frameworks */ = {isa = PBXBuildFile; productRef = BE65974A2EB222A300565DAC /* RevenueCat */; };
		BE65974D2EB222A300565DAC /* RevenueCatUI in Frameworks */ = {isa = PBXBuildFile; productRef = BE65974C2EB222A300565DAC /* RevenueCatUI */; };
		BE65974F2EB222C100565DAC /* insightrun.storekit in Resources */ = {isa = PBXBuildFile; fileRef = BE65974E2EB222C100565DAC /* insightrun.storekit */; };
		BE6597A62EB2625F00565DAC /* PostHog in Frameworks */ = {isa = PBXBuildFile; productRef = BE6597A52EB2625F00565DAC /* PostHog */; };
		BE6597B02EB3000000565DAC /* FitFileParser in Frameworks */ = {isa = PBXBuildFile; productRef = BE6597AF2EB3000000565DAC /* FitFileParser */; };
		C1A0010D2EFF000100565DAC /* InsightRunWidgets.appex in Embed Foundation Extensions */ = {isa = PBXBuildFile; fileRef = C1A001012EFF000100565DAC /* InsightRunWidgets.appex */; settings = {ATTRIBUTES = (RemoveHeadersOnCopy, ); }; };
		B787DBFCABD776FF1DBB64D9 /* open-intervals.json in Resources */ = {isa = PBXBuildFile; fileRef = 55A8CDCEC4A8EA7F1B02A498 /* open-intervals.json */; };
		C80505A95DFE1434FC74811B /* WorkoutGenerationTests.swift in Sources */ = {isa = PBXBuildFile; fileRef = 653D22F6438F0F93F299F3EC /* WorkoutGenerationTests.swift */; };
/* End PBXBuildFile section */

/* Begin PBXContainerItemProxy section */
		E1A0010A2F100001005ADB01 /* PBXContainerItemProxy */ = {
			isa = PBXContainerItemProxy;
			containerPortal = BE013B502E9E7D83003FB282 /* Project object */;
			proxyType = 1;
			remoteGlobalIDString = BE013B572E9E7D83003FB282;
			remoteInfo = insightrun;
		};
		91C065EE4BA73F30045DE4F7 /* PBXContainerItemProxy */ = {
			isa = PBXContainerItemProxy;
			containerPortal = BE013B502E9E7D83003FB282 /* Project object */;
			proxyType = 1;
			remoteGlobalIDString = BE013B572E9E7D83003FB282;
			remoteInfo = insightrun;
		};
		C1A0010A2EFF000100565DAC /* PBXContainerItemProxy */ = {
			isa = PBXContainerItemProxy;
			containerPortal = BE013B502E9E7D83003FB282 /* Project object */;
			proxyType = 1;
			remoteGlobalIDString = C1A001022EFF000100565DAC;
			remoteInfo = InsightRunWidgets;
		};
		87E05590BC48C3EBBBA1DA1A /* PBXContainerItemProxy */ = {
			isa = PBXContainerItemProxy;
			containerPortal = BE013B502E9E7D83003FB282 /* Project object */;
			proxyType = 1;
			remoteGlobalIDString = BE013B572E9E7D83003FB282;
			remoteInfo = insightrun;
		};
/* End PBXContainerItemProxy section */

/* Begin PBXCopyFilesBuildPhase section */
		C1A0010C2EFF000100565DAC /* Embed Foundation Extensions */ = {
			isa = PBXCopyFilesBuildPhase;
			buildActionMask = 2147483647;
			dstPath = "";
			dstSubfolderSpec = 13;
			files = (
				C1A0010D2EFF000100565DAC /* InsightRunWidgets.appex in Embed Foundation Extensions */,
			);
			name = "Embed Foundation Extensions";
			runOnlyForDeploymentPostprocessing = 0;
		};
/* End PBXCopyFilesBuildPhase section */

/* Begin PBXFileReference section */
		C579328FC3CC411AA09CA0E0 /* MetricVisibilityTests.swift */ = {isa = PBXFileReference; lastKnownFileType = sourcecode.swift; path = MetricVisibilityTests.swift; sourceTree = "<group>"; };
		57E8806C06CA420B86EA5D0A /* WorkoutDetailDataTests.swift */ = {isa = PBXFileReference; lastKnownFileType = sourcecode.swift; path = WorkoutDetailDataTests.swift; sourceTree = "<group>"; };
		8181863787FB493F961291F4 /* DailyReadinessViewModelTests.swift */ = {isa = PBXFileReference; lastKnownFileType = sourcecode.swift; path = DailyReadinessViewModelTests.swift; sourceTree = "<group>"; };
		B195B38548D448EF97377902 /* StatisticsViewModelTests.swift */ = {isa = PBXFileReference; lastKnownFileType = sourcecode.swift; path = StatisticsViewModelTests.swift; sourceTree = "<group>"; };
		A16092026000000000000002 /* recovery-scores.json */ = {isa = PBXFileReference; lastKnownFileType = text.json; name = "recovery-scores.json"; path = "../../backend/tests/fixtures/recovery-scores.json"; sourceTree = "<group>"; };
		FCBA47A38CBA46CB90741702 /* TrainingPlanStabilityTests.swift */ = {isa = PBXFileReference; lastKnownFileType = sourcecode.swift; path = TrainingPlanStabilityTests.swift; sourceTree = "<group>"; };
		A0D170000000000000000004 /* AgentStreamParserTests.swift */ = {isa = PBXFileReference; lastKnownFileType = sourcecode.swift; path = AgentStreamParserTests.swift; sourceTree = "<group>"; };
		A0D170000000000000000007 /* WorkoutRaceStoreTests.swift */ = {isa = PBXFileReference; lastKnownFileType = sourcecode.swift; path = WorkoutRaceStoreTests.swift; sourceTree = "<group>"; };
		A0D170000000000000000008 /* StabilityIntegrationTests.swift */ = {isa = PBXFileReference; lastKnownFileType = sourcecode.swift; path = StabilityIntegrationTests.swift; sourceTree = "<group>"; };
		B2D690B1CE934F58946FA102 /* WorkoutSearchFilterTests.swift */ = {isa = PBXFileReference; lastKnownFileType = sourcecode.swift; path = WorkoutSearchFilterTests.swift; sourceTree = "<group>"; };
		AC93FE0D507E4B5A86063101 /* WorkoutNameStoreTests.swift */ = {isa = PBXFileReference; lastKnownFileType = sourcecode.swift; path = WorkoutNameStoreTests.swift; sourceTree = "<group>"; };
		A0D170000000000000000009 /* SubscriptionOutcomeTrackerTests.swift */ = {isa = PBXFileReference; lastKnownFileType = sourcecode.swift; path = SubscriptionOutcomeTrackerTests.swift; sourceTree = "<group>"; };
		A0D170000000000000000006 /* MetricTrendLoadingTests.swift */ = {isa = PBXFileReference; lastKnownFileType = sourcecode.swift; path = MetricTrendLoadingTests.swift; sourceTree = "<group>"; };
		A0D170000000000000000005 /* ConcurrentRequestCoalescerTests.swift */ = {isa = PBXFileReference; lastKnownFileType = sourcecode.swift; path = ConcurrentRequestCoalescerTests.swift; sourceTree = "<group>"; };
		A0D170000000000000000003 /* WorkoutKitErrorTests.swift */ = {isa = PBXFileReference; lastKnownFileType = sourcecode.swift; path = WorkoutKitErrorTests.swift; sourceTree = "<group>"; };
		A0D170000000000000000002 /* ScoreAnalysisViewModelTests.swift */ = {isa = PBXFileReference; lastKnownFileType = sourcecode.swift; path = ScoreAnalysisViewModelTests.swift; sourceTree = "<group>"; };
		A0D170000000000000000001 /* NoSleepModeTests.swift */ = {isa = PBXFileReference; lastKnownFileType = sourcecode.swift; path = NoSleepModeTests.swift; sourceTree = "<group>"; };
		A0D170000000000000000000 /* NotificationManagerTests.swift */ = {isa = PBXFileReference; lastKnownFileType = sourcecode.swift; path = NotificationManagerTests.swift; sourceTree = "<group>"; };
		E1A001012F100001005ADB01 /* insightrunAnalysisTests.xctest */ = {isa = PBXFileReference; explicitFileType = wrapper.cfbundle; includeInIndex = 0; path = insightrunAnalysisTests.xctest; sourceTree = BUILT_PRODUCTS_DIR; };
		204019094FE9CDA25C72CE3E /* insightrunUITests.xctest */ = {isa = PBXFileReference; explicitFileType = wrapper.cfbundle; includeInIndex = 0; path = insightrunUITests.xctest; sourceTree = BUILT_PRODUCTS_DIR; };
		BE013B582E9E7D83003FB282 /* insightrun.app */ = {isa = PBXFileReference; explicitFileType = wrapper.application; includeInIndex = 0; path = insightrun.app; sourceTree = BUILT_PRODUCTS_DIR; };
		BE65974E2EB222C100565DAC /* insightrun.storekit */ = {isa = PBXFileReference; lastKnownFileType = text; name = insightrun.storekit; path = insightrun/insightrun.storekit; sourceTree = "<group>"; };
		C1A001012EFF000100565DAC /* InsightRunWidgets.appex */ = {isa = PBXFileReference; explicitFileType = "wrapper.app-extension"; includeInIndex = 0; path = InsightRunWidgets.appex; sourceTree = BUILT_PRODUCTS_DIR; };
		55A8CDCEC4A8EA7F1B02A498 /* open-intervals.json */ = {isa = PBXFileReference; includeInIndex = 1; lastKnownFileType = text.json; name = "open-intervals.json"; path = "../../backend/tests/fixtures/open-intervals.json"; sourceTree = "<group>"; };
		653D22F6438F0F93F299F3EC /* WorkoutGenerationTests.swift */ = {isa = PBXFileReference; includeInIndex = 1; lastKnownFileType = sourcecode.swift; path = WorkoutGenerationTests.swift; sourceTree = "<group>"; };
		E2E87DA2F9EF51D470EE301B /* insightrunTests.xctest */ = {isa = PBXFileReference; explicitFileType = wrapper.cfbundle; includeInIndex = 0; path = insightrunTests.xctest; sourceTree = BUILT_PRODUCTS_DIR; };
/* End PBXFileReference section */

/* Begin PBXFileSystemSynchronizedBuildFileExceptionSet section */
		BE65980F2EB29EF800565DAC /* Exceptions for "insightrun" folder in "insightrun" target */ = {
			isa = PBXFileSystemSynchronizedBuildFileExceptionSet;
			membershipExceptions = (
				Info.plist,
				insightrun.storekit,
			);
			target = BE013B572E9E7D83003FB282 /* insightrun */;
		};
		C1A0010E2EFF000100565DAC /* Exceptions for "InsightRunWidgets" folder in "InsightRunWidgets" target */ = {
			isa = PBXFileSystemSynchronizedBuildFileExceptionSet;
			membershipExceptions = (
				Info.plist,
			);
			target = C1A001022EFF000100565DAC /* InsightRunWidgets */;
		};
/* End PBXFileSystemSynchronizedBuildFileExceptionSet section */

/* Begin PBXFileSystemSynchronizedRootGroup section */
		E1A001092F100001005ADB01 /* insightrunAnalysisTests */ = {
			isa = PBXFileSystemSynchronizedRootGroup;
			path = insightrunAnalysisTests;
			sourceTree = "<group>";
		};
		BE013B5A2E9E7D83003FB282 /* insightrun */ = {
			isa = PBXFileSystemSynchronizedRootGroup;
			exceptions = (
				BE65980F2EB29EF800565DAC /* Exceptions for "insightrun" folder in "insightrun" target */,
			);
			path = insightrun;
			sourceTree = "<group>";
		};
		C1A001092EFF000100565DAC /* InsightRunWidgets */ = {
			isa = PBXFileSystemSynchronizedRootGroup;
			exceptions = (
				C1A0010E2EFF000100565DAC /* Exceptions for "InsightRunWidgets" folder in "InsightRunWidgets" target */,
			);
			path = InsightRunWidgets;
			sourceTree = "<group>";
		};
		D1A001042F100004005ADB01 /* insightrunUITests */ = {
			isa = PBXFileSystemSynchronizedRootGroup;
			path = insightrunUITests;
			sourceTree = "<group>";
		};
/* End PBXFileSystemSynchronizedRootGroup section */

/* Begin PBXFrameworksBuildPhase section */
		E1A001042F100001005ADB01 /* Frameworks */ = {
			isa = PBXFrameworksBuildPhase;
			buildActionMask = 2147483647;
			files = (
			);
			runOnlyForDeploymentPostprocessing = 0;
		};
		15C3202E39B6569FCB1720D8 /* Frameworks */ = {
			isa = PBXFrameworksBuildPhase;
			buildActionMask = 2147483647;
			files = (
			);
			runOnlyForDeploymentPostprocessing = 0;
		};
		BE013B552E9E7D83003FB282 /* Frameworks */ = {
			isa = PBXFrameworksBuildPhase;
			buildActionMask = 2147483647;
			files = (
				BE6597A62EB2625F00565DAC /* PostHog in Frameworks */,
				BE65974D2EB222A300565DAC /* RevenueCatUI in Frameworks */,
				BE65974B2EB222A300565DAC /* RevenueCat in Frameworks */,
				BE6597B02EB3000000565DAC /* FitFileParser in Frameworks */,
			);
			runOnlyForDeploymentPostprocessing = 0;
		};
		C1A001042EFF000100565DAC /* Frameworks */ = {
			isa = PBXFrameworksBuildPhase;
			buildActionMask = 2147483647;
			files = (
			);
			runOnlyForDeploymentPostprocessing = 0;
		};
		92D0224493E3E269A5E2597F /* Frameworks */ = {
			isa = PBXFrameworksBuildPhase;
			buildActionMask = 2147483647;
			files = (
			);
			runOnlyForDeploymentPostprocessing = 0;
		};
/* End PBXFrameworksBuildPhase section */

/* Begin PBXGroup section */
		BE013B4F2E9E7D83003FB282 = {
			isa = PBXGroup;
			children = (
				BE65974E2EB222C100565DAC /* insightrun.storekit */,
				BE013B5A2E9E7D83003FB282 /* insightrun */,
				C1A001092EFF000100565DAC /* InsightRunWidgets */,
				D1A001042F100004005ADB01 /* insightrunUITests */,
				E1A001092F100001005ADB01 /* insightrunAnalysisTests */,
				BE013B592E9E7D83003FB282 /* Products */,
				1EDDDF7B8CD1C1DDAED1844D /* insightrunTests */,
			);
			sourceTree = "<group>";
		};
		BE013B592E9E7D83003FB282 /* Products */ = {
			isa = PBXGroup;
			children = (
				BE013B582E9E7D83003FB282 /* insightrun.app */,
				C1A001012EFF000100565DAC /* InsightRunWidgets.appex */,
				204019094FE9CDA25C72CE3E /* insightrunUITests.xctest */,
				E2E87DA2F9EF51D470EE301B /* insightrunTests.xctest */,
				E1A001012F100001005ADB01 /* insightrunAnalysisTests.xctest */,
			);
			name = Products;
			sourceTree = "<group>";
		};
		1EDDDF7B8CD1C1DDAED1844D /* insightrunTests */ = {
			isa = PBXGroup;
			children = (
				653D22F6438F0F93F299F3EC /* WorkoutGenerationTests.swift */,
				A0D170000000000000000004 /* AgentStreamParserTests.swift */,
				A0D170000000000000000007 /* WorkoutRaceStoreTests.swift */,
				A0D170000000000000000008 /* StabilityIntegrationTests.swift */,
				B2D690B1CE934F58946FA102 /* WorkoutSearchFilterTests.swift */,
				AC93FE0D507E4B5A86063101 /* WorkoutNameStoreTests.swift */,
				FCBA47A38CBA46CB90741702 /* TrainingPlanStabilityTests.swift */,
				8181863787FB493F961291F4 /* DailyReadinessViewModelTests.swift */,
				57E8806C06CA420B86EA5D0A /* WorkoutDetailDataTests.swift */,
				B195B38548D448EF97377902 /* StatisticsViewModelTests.swift */,
				A0D170000000000000000009 /* SubscriptionOutcomeTrackerTests.swift */,
				A0D170000000000000000006 /* MetricTrendLoadingTests.swift */,
				C579328FC3CC411AA09CA0E0 /* MetricVisibilityTests.swift */,
				A0D170000000000000000005 /* ConcurrentRequestCoalescerTests.swift */,
				A0D170000000000000000003 /* WorkoutKitErrorTests.swift */,
				A0D170000000000000000002 /* ScoreAnalysisViewModelTests.swift */,
				A0D170000000000000000001 /* NoSleepModeTests.swift */,
				A0D170000000000000000000 /* NotificationManagerTests.swift */,
				55A8CDCEC4A8EA7F1B02A498 /* open-intervals.json */,
				A16092026000000000000002 /* recovery-scores.json */,
			);
			name = insightrunTests;
			path = insightrunTests;
			sourceTree = "<group>";
		};
/* End PBXGroup section */

/* Begin PBXNativeTarget section */
		E1A001022F100001005ADB01 /* insightrunAnalysisTests */ = {
			isa = PBXNativeTarget;
			buildConfigurationList = E1A001062F100001005ADB01 /* Build configuration list for PBXNativeTarget "insightrunAnalysisTests" */;
			buildPhases = (
				E1A001032F100001005ADB01 /* Sources */,
				E1A001042F100001005ADB01 /* Frameworks */,
				E1A001052F100001005ADB01 /* Resources */,
			);
			buildRules = (
			);
			dependencies = (
				E1A0010B2F100001005ADB01 /* PBXTargetDependency */,
			);
			fileSystemSynchronizedGroups = (
				E1A001092F100001005ADB01 /* insightrunAnalysisTests */,
			);
			name = insightrunAnalysisTests;
			productName = insightrunAnalysisTests;
			productReference = E1A001012F100001005ADB01 /* insightrunAnalysisTests.xctest */;
			productType = "com.apple.product-type.bundle.unit-test";
		};
		BE013B572E9E7D83003FB282 /* insightrun */ = {
			isa = PBXNativeTarget;
			buildConfigurationList = BE013B632E9E7D84003FB282 /* Build configuration list for PBXNativeTarget "insightrun" */;
			buildPhases = (
				BE013B542E9E7D83003FB282 /* Sources */,
				BE013B552E9E7D83003FB282 /* Frameworks */,
				BE013B562E9E7D83003FB282 /* Resources */,
				C1A0010C2EFF000100565DAC /* Embed Foundation Extensions */,
			);
			buildRules = (
			);
			dependencies = (
				C1A0010B2EFF000100565DAC /* PBXTargetDependency */,
			);
			fileSystemSynchronizedGroups = (
				BE013B5A2E9E7D83003FB282 /* insightrun */,
			);
			name = insightrun;
			packageProductDependencies = (
				BE65974A2EB222A300565DAC /* RevenueCat */,
				BE65974C2EB222A300565DAC /* RevenueCatUI */,
				BE6597A52EB2625F00565DAC /* PostHog */,
				BE6597AF2EB3000000565DAC /* FitFileParser */,
			);
			productName = insightrun;
			productReference = BE013B582E9E7D83003FB282 /* insightrun.app */;
			productType = "com.apple.product-type.application";
		};
		C1A001022EFF000100565DAC /* InsightRunWidgets */ = {
			isa = PBXNativeTarget;
			buildConfigurationList = C1A001062EFF000100565DAC /* Build configuration list for PBXNativeTarget "InsightRunWidgets" */;
			buildPhases = (
				C1A001032EFF000100565DAC /* Sources */,
				C1A001042EFF000100565DAC /* Frameworks */,
				C1A001052EFF000100565DAC /* Resources */,
			);
			buildRules = (
			);
			dependencies = (
			);
			fileSystemSynchronizedGroups = (
				C1A001092EFF000100565DAC /* InsightRunWidgets */,
			);
			name = InsightRunWidgets;
			productName = InsightRunWidgets;
			productReference = C1A001012EFF000100565DAC /* InsightRunWidgets.appex */;
			productType = "com.apple.product-type.app-extension";
		};
		EA798A214F5AA1D6F0C4ACAA /* insightrunUITests */ = {
			isa = PBXNativeTarget;
			buildConfigurationList = 94C4BC79716039212F595EB7 /* Build configuration list for PBXNativeTarget "insightrunUITests" */;
			buildPhases = (
				7221E99F31EEECE0854BBFE9 /* Sources */,
				15C3202E39B6569FCB1720D8 /* Frameworks */,
				0A0CE1659991856B05B63973 /* Resources */,
			);
			buildRules = (
			);
			dependencies = (
				AD5E4B22FD0EF38948A94C54 /* PBXTargetDependency */,
			);
			fileSystemSynchronizedGroups = (
				D1A001042F100004005ADB01 /* insightrunUITests */,
			);
			name = insightrunUITests;
			productName = insightrunUITests;
			productReference = 204019094FE9CDA25C72CE3E /* insightrunUITests.xctest */;
			productType = "com.apple.product-type.bundle.ui-testing";
		};
		774B3A0ED43997506659CEB4 /* insightrunTests */ = {
			isa = PBXNativeTarget;
			buildConfigurationList = 75074C5E87250DB35B035444 /* Build configuration list for PBXNativeTarget "insightrunTests" */;
			buildPhases = (
				8999D6F8E0FFF3B7F8CF2C6E /* Sources */,
				92D0224493E3E269A5E2597F /* Frameworks */,
				4E60FAC0DAF5100E9D883AA4 /* Resources */,
			);
			buildRules = (
			);
			dependencies = (
				3E908F56D95C08A1C0996FE3 /* PBXTargetDependency */,
			);
			name = insightrunTests;
			productName = insightrunTests;
			productReference = E2E87DA2F9EF51D470EE301B /* insightrunTests.xctest */;
			productType = "com.apple.product-type.bundle.unit-test";
		};
/* End PBXNativeTarget section */

/* Begin PBXProject section */
		BE013B502E9E7D83003FB282 /* Project object */ = {
			isa = PBXProject;
			attributes = {
				BuildIndependentTargetsInParallel = 1;
				LastSwiftUpdateCheck = 2610;
				LastUpgradeCheck = 2620;
				TargetAttributes = {
					E1A001022F100001005ADB01 = {
						CreatedOnToolsVersion = 26.1;
						TestTargetID = BE013B572E9E7D83003FB282;
					};
					BE013B572E9E7D83003FB282 = {
						CreatedOnToolsVersion = 26.1;
					};
					C1A001022EFF000100565DAC = {
						CreatedOnToolsVersion = 26.1;
					};
					EA798A214F5AA1D6F0C4ACAA = {
						CreatedOnToolsVersion = 26.1;
						TestTargetID = BE013B572E9E7D83003FB282;
					};
				};
			};
			buildConfigurationList = BE013B532E9E7D83003FB282 /* Build configuration list for PBXProject "insightrun" */;
			developmentRegion = en;
			hasScannedForEncodings = 0;
			knownRegions = (
				en,
				Base,
				fr,
			);
			mainGroup = BE013B4F2E9E7D83003FB282;
			minimizedProjectReferenceProxies = 1;
			packageReferences = (
				BE6597492EB222A300565DAC /* XCRemoteSwiftPackageReference "purchases-ios-spm" */,
				BE6597A42EB2625F00565DAC /* XCRemoteSwiftPackageReference "posthog-ios" */,
				BE6597AE2EB3000000565DAC /* XCRemoteSwiftPackageReference "FitFileParser" */,
			);
			preferredProjectObjectVersion = 77;
			productRefGroup = BE013B592E9E7D83003FB282 /* Products */;
			projectDirPath = "";
			projectRoot = "";
			targets = (
				BE013B572E9E7D83003FB282 /* insightrun */,
				C1A001022EFF000100565DAC /* InsightRunWidgets */,
				EA798A214F5AA1D6F0C4ACAA /* insightrunUITests */,
				774B3A0ED43997506659CEB4 /* insightrunTests */,
				E1A001022F100001005ADB01 /* insightrunAnalysisTests */,
			);
		};
/* End PBXProject section */

/* Begin PBXResourcesBuildPhase section */
		E1A001052F100001005ADB01 /* Resources */ = {
			isa = PBXResourcesBuildPhase;
			buildActionMask = 2147483647;
			files = (
			);
			runOnlyForDeploymentPostprocessing = 0;
		};
		0A0CE1659991856B05B63973 /* Resources */ = {
			isa = PBXResourcesBuildPhase;
			buildActionMask = 2147483647;
			files = (
			);
			runOnlyForDeploymentPostprocessing = 0;
		};
		BE013B562E9E7D83003FB282 /* Resources */ = {
			isa = PBXResourcesBuildPhase;
			buildActionMask = 2147483647;
			files = (
				BE65974F2EB222C100565DAC /* insightrun.storekit in Resources */,
			);
			runOnlyForDeploymentPostprocessing = 0;
		};
		C1A001052EFF000100565DAC /* Resources */ = {
			isa = PBXResourcesBuildPhase;
			buildActionMask = 2147483647;
			files = (
			);
			runOnlyForDeploymentPostprocessing = 0;
		};
		4E60FAC0DAF5100E9D883AA4 /* Resources */ = {
			isa = PBXResourcesBuildPhase;
			buildActionMask = 2147483647;
			files = (
				B787DBFCABD776FF1DBB64D9 /* open-intervals.json in Resources */,
				A16092026000000000000001 /* recovery-scores.json in Resources */,
			);
			runOnlyForDeploymentPostprocessing = 0;
		};
/* End PBXResourcesBuildPhase section */

/* Begin PBXSourcesBuildPhase section */
		E1A001032F100001005ADB01 /* Sources */ = {
			isa = PBXSourcesBuildPhase;
			buildActionMask = 2147483647;
			files = (
			);
			runOnlyForDeploymentPostprocessing = 0;
		};
		7221E99F31EEECE0854BBFE9 /* Sources */ = {
			isa = PBXSourcesBuildPhase;
			buildActionMask = 2147483647;
			files = (
			);
			runOnlyForDeploymentPostprocessing = 0;
		};
		BE013B542E9E7D83003FB282 /* Sources */ = {
			isa = PBXSourcesBuildPhase;
			buildActionMask = 2147483647;
			files = (
			);
			runOnlyForDeploymentPostprocessing = 0;
		};
		C1A001032EFF000100565DAC /* Sources */ = {
			isa = PBXSourcesBuildPhase;
			buildActionMask = 2147483647;
			files = (
			);
			runOnlyForDeploymentPostprocessing = 0;
		};
		8999D6F8E0FFF3B7F8CF2C6E /* Sources */ = {
			isa = PBXSourcesBuildPhase;
			buildActionMask = 2147483647;
			files = (
				C80505A95DFE1434FC74811B /* WorkoutGenerationTests.swift in Sources */,
				A0D180000000000000000004 /* AgentStreamParserTests.swift in Sources */,
				A0D180000000000000000007 /* WorkoutRaceStoreTests.swift in Sources */,
				A0D180000000000000000008 /* StabilityIntegrationTests.swift in Sources */,
				B2D690B1CE934F58946FA101 /* WorkoutSearchFilterTests.swift in Sources */,
				AC93FE0D507E4B5A86063102 /* WorkoutNameStoreTests.swift in Sources */,
				FCBA47A38CBA46CB90741701 /* TrainingPlanStabilityTests.swift in Sources */,
				A5232C8B87204F5B823CEAC6 /* DailyReadinessViewModelTests.swift in Sources */,
				EF8050FB39E24B7DBF8BAB95 /* WorkoutDetailDataTests.swift in Sources */,
				B195B38548D448EF97377901 /* StatisticsViewModelTests.swift in Sources */,
				A0D180000000000000000009 /* SubscriptionOutcomeTrackerTests.swift in Sources */,
				DD412C0F40D845C4A9EB847A /* MetricVisibilityTests.swift in Sources */,
				A0D180000000000000000006 /* MetricTrendLoadingTests.swift in Sources */,
				A0D180000000000000000005 /* ConcurrentRequestCoalescerTests.swift in Sources */,
				A0D180000000000000000003 /* WorkoutKitErrorTests.swift in Sources */,
				A0D180000000000000000002 /* ScoreAnalysisViewModelTests.swift in Sources */,
				A0D180000000000000000001 /* NoSleepModeTests.swift in Sources */,
				A0D180000000000000000000 /* NotificationManagerTests.swift in Sources */,
			);
			runOnlyForDeploymentPostprocessing = 0;
		};
/* End PBXSourcesBuildPhase section */

/* Begin PBXTargetDependency section */
		E1A0010B2F100001005ADB01 /* PBXTargetDependency */ = {
			isa = PBXTargetDependency;
			target = BE013B572E9E7D83003FB282 /* insightrun */;
			targetProxy = E1A0010A2F100001005ADB01 /* PBXContainerItemProxy */;
		};
		AD5E4B22FD0EF38948A94C54 /* PBXTargetDependency */ = {
			isa = PBXTargetDependency;
			name = insightrun;
			target = BE013B572E9E7D83003FB282 /* insightrun */;
			targetProxy = 91C065EE4BA73F30045DE4F7 /* PBXContainerItemProxy */;
		};
		C1A0010B2EFF000100565DAC /* PBXTargetDependency */ = {
			isa = PBXTargetDependency;
			target = C1A001022EFF000100565DAC /* InsightRunWidgets */;
			targetProxy = C1A0010A2EFF000100565DAC /* PBXContainerItemProxy */;
		};
		3E908F56D95C08A1C0996FE3 /* PBXTargetDependency */ = {
			isa = PBXTargetDependency;
			name = insightrun;
			target = BE013B572E9E7D83003FB282 /* insightrun */;
			targetProxy = 87E05590BC48C3EBBBA1DA1A /* PBXContainerItemProxy */;
		};
/* End PBXTargetDependency section */

/* Begin XCBuildConfiguration section */
		E1A001072F100001005ADB01 /* Debug */ = {
			isa = XCBuildConfiguration;
			buildSettings = {
				BUNDLE_LOADER = "$(TEST_HOST)";
				CODE_SIGN_STYLE = Automatic;
				CURRENT_PROJECT_VERSION = 369;
				DEVELOPMENT_TEAM = PCTXJ3892R;
				GENERATE_INFOPLIST_FILE = YES;
				IPHONEOS_DEPLOYMENT_TARGET = 18.0;
				LD_RUNPATH_SEARCH_PATHS = (
					"$(inherited)",
					"@executable_path/Frameworks",
					"@loader_path/Frameworks",
				);
				MARKETING_VERSION = 2.0.12;
				PRODUCT_BUNDLE_IDENTIFIER = com.altcode.insightrun.analysisTests;
				PRODUCT_NAME = "$(TARGET_NAME)";
				SDKROOT = iphoneos;
				SUPPORTED_PLATFORMS = "iphoneos iphonesimulator";
				SUPPORTS_MACCATALYST = NO;
				SUPPORTS_MAC_DESIGNED_FOR_IPHONE_IPAD = NO;
				SUPPORTS_XR_DESIGNED_FOR_IPHONE_IPAD = NO;
				SWIFT_APPROACHABLE_CONCURRENCY = YES;
				SWIFT_DEFAULT_ACTOR_ISOLATION = MainActor;
				SWIFT_EMIT_LOC_STRINGS = NO;
				SWIFT_VERSION = 5.0;
				TARGETED_DEVICE_FAMILY = "1,2";
				TEST_HOST = "$(BUILT_PRODUCTS_DIR)/insightrun.app/$(BUNDLE_EXECUTABLE_FOLDER_PATH)/insightrun";
			};
			name = Debug;
		};
		E1A001082F100001005ADB01 /* Release */ = {
			isa = XCBuildConfiguration;
			buildSettings = {
				BUNDLE_LOADER = "$(TEST_HOST)";
				CODE_SIGN_STYLE = Automatic;
				CURRENT_PROJECT_VERSION = 369;
				DEVELOPMENT_TEAM = PCTXJ3892R;
				GENERATE_INFOPLIST_FILE = YES;
				IPHONEOS_DEPLOYMENT_TARGET = 18.0;
				LD_RUNPATH_SEARCH_PATHS = (
					"$(inherited)",
					"@executable_path/Frameworks",
					"@loader_path/Frameworks",
				);
				MARKETING_VERSION = 2.0.12;
				PRODUCT_BUNDLE_IDENTIFIER = com.altcode.insightrun.analysisTests;
				PRODUCT_NAME = "$(TARGET_NAME)";
				SDKROOT = iphoneos;
				SUPPORTED_PLATFORMS = "iphoneos iphonesimulator";
				SUPPORTS_MACCATALYST = NO;
				SUPPORTS_MAC_DESIGNED_FOR_IPHONE_IPAD = NO;
				SUPPORTS_XR_DESIGNED_FOR_IPHONE_IPAD = NO;
				SWIFT_APPROACHABLE_CONCURRENCY = YES;
				SWIFT_DEFAULT_ACTOR_ISOLATION = MainActor;
				SWIFT_EMIT_LOC_STRINGS = NO;
				SWIFT_VERSION = 5.0;
				TARGETED_DEVICE_FAMILY = "1,2";
				TEST_HOST = "$(BUILT_PRODUCTS_DIR)/insightrun.app/$(BUNDLE_EXECUTABLE_FOLDER_PATH)/insightrun";
				VALIDATE_PRODUCT = YES;
			};
			name = Release;
		};
		2DAA3DFC7119E49EA93A6D91 /* Release */ = {
			isa = XCBuildConfiguration;
			buildSettings = {
				CLANG_ENABLE_OBJC_WEAK = YES;
				CODE_SIGN_STYLE = Automatic;
				CURRENT_PROJECT_VERSION = 369;
				DEVELOPMENT_TEAM = PCTXJ3892R;
				GENERATE_INFOPLIST_FILE = YES;
				IPHONEOS_DEPLOYMENT_TARGET = 18.0;
				MARKETING_VERSION = 2.0.12;
				PRODUCT_BUNDLE_IDENTIFIER = com.altcode.insightrun.uitests;
				PRODUCT_NAME = "$(TARGET_NAME)";
				SDKROOT = iphoneos;
				SUPPORTED_PLATFORMS = "iphoneos iphonesimulator";
				SUPPORTS_MACCATALYST = NO;
				SUPPORTS_MAC_DESIGNED_FOR_IPHONE_IPAD = NO;
				SUPPORTS_XR_DESIGNED_FOR_IPHONE_IPAD = NO;
				SWIFT_APPROACHABLE_CONCURRENCY = YES;
				SWIFT_DEFAULT_ACTOR_ISOLATION = MainActor;
				SWIFT_EMIT_LOC_STRINGS = NO;
				SWIFT_VERSION = 5.0;
				TARGETED_DEVICE_FAMILY = "1,2";
				TEST_TARGET_NAME = insightrun;
				VALIDATE_PRODUCT = YES;
			};
			name = Release;
		};
		B13FAD6D020ADB1B62C4E8CA /* Debug */ = {
			isa = XCBuildConfiguration;
			buildSettings = {
				CLANG_ENABLE_OBJC_WEAK = YES;
				CODE_SIGN_STYLE = Automatic;
				CURRENT_PROJECT_VERSION = 369;
				DEVELOPMENT_TEAM = PCTXJ3892R;
				GENERATE_INFOPLIST_FILE = YES;
				IPHONEOS_DEPLOYMENT_TARGET = 18.0;
				MARKETING_VERSION = 2.0.12;
				PRODUCT_BUNDLE_IDENTIFIER = com.altcode.insightrun.uitests;
				PRODUCT_NAME = "$(TARGET_NAME)";
				SDKROOT = iphoneos;
				SUPPORTED_PLATFORMS = "iphoneos iphonesimulator";
				SUPPORTS_MACCATALYST = NO;
				SUPPORTS_MAC_DESIGNED_FOR_IPHONE_IPAD = NO;
				SUPPORTS_XR_DESIGNED_FOR_IPHONE_IPAD = NO;
				SWIFT_APPROACHABLE_CONCURRENCY = YES;
				SWIFT_DEFAULT_ACTOR_ISOLATION = MainActor;
				SWIFT_EMIT_LOC_STRINGS = NO;
				SWIFT_VERSION = 5.0;
				TARGETED_DEVICE_FAMILY = "1,2";
				TEST_TARGET_NAME = insightrun;
			};
			name = Debug;
		};
		BE013B612E9E7D84003FB282 /* Debug */ = {
			isa = XCBuildConfiguration;
			buildSettings = {
				ALWAYS_SEARCH_USER_PATHS = NO;
				ASSETCATALOG_COMPILER_GENERATE_SWIFT_ASSET_SYMBOL_EXTENSIONS = YES;
				CLANG_ANALYZER_LOCALIZABILITY_NONLOCALIZED = YES;
				CLANG_ANALYZER_NONNULL = YES;
				CLANG_ANALYZER_NUMBER_OBJECT_CONVERSION = YES_AGGRESSIVE;
				CLANG_CXX_LANGUAGE_STANDARD = "gnu++20";
				CLANG_ENABLE_MODULES = YES;
				CLANG_ENABLE_OBJC_ARC = YES;
				CLANG_ENABLE_OBJC_WEAK = YES;
				CLANG_WARN_BLOCK_CAPTURE_AUTORELEASING = YES;
				CLANG_WARN_BOOL_CONVERSION = YES;
				CLANG_WARN_COMMA = YES;
				CLANG_WARN_CONSTANT_CONVERSION = YES;
				CLANG_WARN_DEPRECATED_OBJC_IMPLEMENTATIONS = YES;
				CLANG_WARN_DIRECT_OBJC_ISA_USAGE = YES_ERROR;
				CLANG_WARN_DOCUMENTATION_COMMENTS = YES;
				CLANG_WARN_EMPTY_BODY = YES;
				CLANG_WARN_ENUM_CONVERSION = YES;
				CLANG_WARN_INFINITE_RECURSION = YES;
				CLANG_WARN_INT_CONVERSION = YES;
				CLANG_WARN_NON_LITERAL_NULL_CONVERSION = YES;
				CLANG_WARN_OBJC_IMPLICIT_RETAIN_SELF = YES;
				CLANG_WARN_OBJC_LITERAL_CONVERSION = YES;
				CLANG_WARN_OBJC_ROOT_CLASS = YES_ERROR;
				CLANG_WARN_QUOTED_INCLUDE_IN_FRAMEWORK_HEADER = YES;
				CLANG_WARN_RANGE_LOOP_ANALYSIS = YES;
				CLANG_WARN_STRICT_PROTOTYPES = YES;
				CLANG_WARN_SUSPICIOUS_MOVE = YES;
				CLANG_WARN_UNGUARDED_AVAILABILITY = YES_AGGRESSIVE;
				CLANG_WARN_UNREACHABLE_CODE = YES;
				CLANG_WARN__DUPLICATE_METHOD_MATCH = YES;
				COPY_PHASE_STRIP = NO;
				DEBUG_INFORMATION_FORMAT = dwarf;
				DEVELOPMENT_TEAM = PCTXJ3892R;
				ENABLE_STRICT_OBJC_MSGSEND = YES;
				ENABLE_TESTABILITY = YES;
				ENABLE_USER_SCRIPT_SANDBOXING = YES;
				GCC_C_LANGUAGE_STANDARD = gnu17;
				GCC_DYNAMIC_NO_PIC = NO;
				GCC_NO_COMMON_BLOCKS = YES;
				GCC_OPTIMIZATION_LEVEL = 0;
				GCC_PREPROCESSOR_DEFINITIONS = (
					"DEBUG=1",
					"$(inherited)",
				);
				GCC_WARN_64_TO_32_BIT_CONVERSION = YES;
				GCC_WARN_ABOUT_RETURN_TYPE = YES_ERROR;
				GCC_WARN_UNDECLARED_SELECTOR = YES;
				GCC_WARN_UNINITIALIZED_AUTOS = YES_AGGRESSIVE;
				GCC_WARN_UNUSED_FUNCTION = YES;
				GCC_WARN_UNUSED_VARIABLE = YES;
				IPHONEOS_DEPLOYMENT_TARGET = 26.1;
				LOCALIZATION_PREFERS_STRING_CATALOGS = YES;
				MTL_ENABLE_DEBUG_INFO = INCLUDE_SOURCE;
				MTL_FAST_MATH = YES;
				ONLY_ACTIVE_ARCH = YES;
				SDKROOT = iphoneos;
				STRING_CATALOG_GENERATE_SYMBOLS = YES;
				SWIFT_ACTIVE_COMPILATION_CONDITIONS = "DEBUG $(inherited)";
				SWIFT_OPTIMIZATION_LEVEL = "-Onone";
			};
			name = Debug;
		};
		BE013B622E9E7D84003FB282 /* Release */ = {
			isa = XCBuildConfiguration;
			buildSettings = {
				ALWAYS_SEARCH_USER_PATHS = NO;
				ASSETCATALOG_COMPILER_GENERATE_SWIFT_ASSET_SYMBOL_EXTENSIONS = YES;
				CLANG_ANALYZER_LOCALIZABILITY_NONLOCALIZED = YES;
				CLANG_ANALYZER_NONNULL = YES;
				CLANG_ANALYZER_NUMBER_OBJECT_CONVERSION = YES_AGGRESSIVE;
				CLANG_CXX_LANGUAGE_STANDARD = "gnu++20";
				CLANG_ENABLE_MODULES = YES;
				CLANG_ENABLE_OBJC_ARC = YES;
				CLANG_ENABLE_OBJC_WEAK = YES;
				CLANG_WARN_BLOCK_CAPTURE_AUTORELEASING = YES;
				CLANG_WARN_BOOL_CONVERSION = YES;
				CLANG_WARN_COMMA = YES;
				CLANG_WARN_CONSTANT_CONVERSION = YES;
				CLANG_WARN_DEPRECATED_OBJC_IMPLEMENTATIONS = YES;
				CLANG_WARN_DIRECT_OBJC_ISA_USAGE = YES_ERROR;
				CLANG_WARN_DOCUMENTATION_COMMENTS = YES;
				CLANG_WARN_EMPTY_BODY = YES;
				CLANG_WARN_ENUM_CONVERSION = YES;
				CLANG_WARN_INFINITE_RECURSION = YES;
				CLANG_WARN_INT_CONVERSION = YES;
				CLANG_WARN_NON_LITERAL_NULL_CONVERSION = YES;
				CLANG_WARN_OBJC_IMPLICIT_RETAIN_SELF = YES;
				CLANG_WARN_OBJC_LITERAL_CONVERSION = YES;
				CLANG_WARN_OBJC_ROOT_CLASS = YES_ERROR;
				CLANG_WARN_QUOTED_INCLUDE_IN_FRAMEWORK_HEADER = YES;
				CLANG_WARN_RANGE_LOOP_ANALYSIS = YES;
				CLANG_WARN_STRICT_PROTOTYPES = YES;
				CLANG_WARN_SUSPICIOUS_MOVE = YES;
				CLANG_WARN_UNGUARDED_AVAILABILITY = YES_AGGRESSIVE;
				CLANG_WARN_UNREACHABLE_CODE = YES;
				CLANG_WARN__DUPLICATE_METHOD_MATCH = YES;
				COPY_PHASE_STRIP = NO;
				DEBUG_INFORMATION_FORMAT = "dwarf-with-dsym";
				DEVELOPMENT_TEAM = PCTXJ3892R;
				ENABLE_NS_ASSERTIONS = NO;
				ENABLE_STRICT_OBJC_MSGSEND = YES;
				ENABLE_USER_SCRIPT_SANDBOXING = YES;
				GCC_C_LANGUAGE_STANDARD = gnu17;
				GCC_NO_COMMON_BLOCKS = YES;
				GCC_WARN_64_TO_32_BIT_CONVERSION = YES;
				GCC_WARN_ABOUT_RETURN_TYPE = YES_ERROR;
				GCC_WARN_UNDECLARED_SELECTOR = YES;
				GCC_WARN_UNINITIALIZED_AUTOS = YES_AGGRESSIVE;
				GCC_WARN_UNUSED_FUNCTION = YES;
				GCC_WARN_UNUSED_VARIABLE = YES;
				IPHONEOS_DEPLOYMENT_TARGET = 26.1;
				LOCALIZATION_PREFERS_STRING_CATALOGS = YES;
				MTL_ENABLE_DEBUG_INFO = NO;
				MTL_FAST_MATH = YES;
				SDKROOT = iphoneos;
				STRING_CATALOG_GENERATE_SYMBOLS = YES;
				SWIFT_COMPILATION_MODE = wholemodule;
				VALIDATE_PRODUCT = YES;
			};
			name = Release;
		};
		BE013B642E9E7D84003FB282 /* Debug */ = {
			isa = XCBuildConfiguration;
			buildSettings = {
				ASSETCATALOG_COMPILER_APPICON_NAME = "Insight Run";
				ASSETCATALOG_COMPILER_GLOBAL_ACCENT_COLOR_NAME = AccentColor;
				CODE_SIGN_ENTITLEMENTS = insightrun/insightrun.entitlements;
				CODE_SIGN_IDENTITY = "Apple Development";
				CODE_SIGN_STYLE = Automatic;
				CURRENT_PROJECT_VERSION = 369;
				DEVELOPMENT_TEAM = PCTXJ3892R;
				ENABLE_PREVIEWS = YES;
				GENERATE_INFOPLIST_FILE = YES;
				INFOPLIST_FILE = insightrun/Info.plist;
				INFOPLIST_KEY_CFBundleDisplayName = "Insight Run";
				INFOPLIST_KEY_ITSAppUsesNonExemptEncryption = NO;
				INFOPLIST_KEY_LSApplicationCategoryType = "public.app-category.healthcare-fitness";
				INFOPLIST_KEY_UIApplicationSceneManifest_Generation = YES;
				INFOPLIST_KEY_UIApplicationSupportsIndirectInputEvents = YES;
				INFOPLIST_KEY_UILaunchScreen_Generation = YES;
				INFOPLIST_KEY_UISupportedInterfaceOrientations_iPad = "UIInterfaceOrientationPortrait UIInterfaceOrientationPortraitUpsideDown UIInterfaceOrientationLandscapeLeft UIInterfaceOrientationLandscapeRight";
				INFOPLIST_KEY_UISupportedInterfaceOrientations_iPhone = UIInterfaceOrientationPortrait;
				IPHONEOS_DEPLOYMENT_TARGET = 18.0;
				LD_RUNPATH_SEARCH_PATHS = (
					"$(inherited)",
					"@executable_path/Frameworks",
				);
				MARKETING_VERSION = 2.0.12;
				PRODUCT_BUNDLE_IDENTIFIER = com.altcode.insightrun;
				PRODUCT_NAME = "$(TARGET_NAME)";
				PROVISIONING_PROFILE_SPECIFIER = "";
				STRING_CATALOG_GENERATE_SYMBOLS = YES;
				SUPPORTED_PLATFORMS = "iphoneos iphonesimulator";
				SUPPORTS_MACCATALYST = NO;
				SUPPORTS_MAC_DESIGNED_FOR_IPHONE_IPAD = NO;
				SUPPORTS_XR_DESIGNED_FOR_IPHONE_IPAD = NO;
				SWIFT_APPROACHABLE_CONCURRENCY = YES;
				SWIFT_DEFAULT_ACTOR_ISOLATION = MainActor;
				SWIFT_EMIT_LOC_STRINGS = YES;
				SWIFT_UPCOMING_FEATURE_MEMBER_IMPORT_VISIBILITY = YES;
				SWIFT_VERSION = 5.0;
				TARGETED_DEVICE_FAMILY = "1,2";
			};
			name = Debug;
		};
		BE013B652E9E7D84003FB282 /* Release */ = {
			isa = XCBuildConfiguration;
			buildSettings = {
				ASSETCATALOG_COMPILER_APPICON_NAME = "Insight Run";
				ASSETCATALOG_COMPILER_GLOBAL_ACCENT_COLOR_NAME = AccentColor;
				CODE_SIGN_ENTITLEMENTS = insightrun/insightrun.entitlements;
				CODE_SIGN_IDENTITY = "Apple Development";
				CODE_SIGN_STYLE = Automatic;
				CURRENT_PROJECT_VERSION = 369;
				DEVELOPMENT_TEAM = PCTXJ3892R;
				ENABLE_PREVIEWS = YES;
				GENERATE_INFOPLIST_FILE = YES;
				INFOPLIST_FILE = insightrun/Info.plist;
				INFOPLIST_KEY_CFBundleDisplayName = "Insight Run";
				INFOPLIST_KEY_ITSAppUsesNonExemptEncryption = NO;
				INFOPLIST_KEY_LSApplicationCategoryType = "public.app-category.healthcare-fitness";
				INFOPLIST_KEY_UIApplicationSceneManifest_Generation = YES;
				INFOPLIST_KEY_UIApplicationSupportsIndirectInputEvents = YES;
				INFOPLIST_KEY_UILaunchScreen_Generation = YES;
				INFOPLIST_KEY_UISupportedInterfaceOrientations_iPad = "UIInterfaceOrientationPortrait UIInterfaceOrientationPortraitUpsideDown UIInterfaceOrientationLandscapeLeft UIInterfaceOrientationLandscapeRight";
				INFOPLIST_KEY_UISupportedInterfaceOrientations_iPhone = UIInterfaceOrientationPortrait;
				IPHONEOS_DEPLOYMENT_TARGET = 18.0;
				LD_RUNPATH_SEARCH_PATHS = (
					"$(inherited)",
					"@executable_path/Frameworks",
				);
				MARKETING_VERSION = 2.0.12;
				PRODUCT_BUNDLE_IDENTIFIER = com.altcode.insightrun;
				PRODUCT_NAME = "$(TARGET_NAME)";
				PROVISIONING_PROFILE_SPECIFIER = "";
				STRING_CATALOG_GENERATE_SYMBOLS = YES;
				SUPPORTED_PLATFORMS = "iphoneos iphonesimulator";
				SUPPORTS_MACCATALYST = NO;
				SUPPORTS_MAC_DESIGNED_FOR_IPHONE_IPAD = NO;
				SUPPORTS_XR_DESIGNED_FOR_IPHONE_IPAD = NO;
				SWIFT_APPROACHABLE_CONCURRENCY = YES;
				SWIFT_DEFAULT_ACTOR_ISOLATION = MainActor;
				SWIFT_EMIT_LOC_STRINGS = YES;
				SWIFT_UPCOMING_FEATURE_MEMBER_IMPORT_VISIBILITY = YES;
				SWIFT_VERSION = 5.0;
				TARGETED_DEVICE_FAMILY = "1,2";
			};
			name = Release;
		};
		C1A001072EFF000100565DAC /* Debug */ = {
			isa = XCBuildConfiguration;
			buildSettings = {
				ASSETCATALOG_COMPILER_GLOBAL_ACCENT_COLOR_NAME = AccentColor;
				CODE_SIGN_ENTITLEMENTS = InsightRunWidgets/InsightRunWidgets.entitlements;
				CODE_SIGN_IDENTITY = "Apple Development";
				CODE_SIGN_STYLE = Automatic;
				CURRENT_PROJECT_VERSION = 369;
				DEVELOPMENT_TEAM = PCTXJ3892R;
				GENERATE_INFOPLIST_FILE = YES;
				INFOPLIST_FILE = InsightRunWidgets/Info.plist;
				INFOPLIST_KEY_CFBundleDisplayName = "InsightRun Widgets";
				INFOPLIST_KEY_NSHumanReadableCopyright = "";
				IPHONEOS_DEPLOYMENT_TARGET = 18.0;
				LD_RUNPATH_SEARCH_PATHS = (
					"$(inherited)",
					"@executable_path/Frameworks",
					"@executable_path/../../Frameworks",
				);
				MARKETING_VERSION = 2.0.12;
				PRODUCT_BUNDLE_IDENTIFIER = com.altcode.insightrun.widgets;
				PRODUCT_NAME = "$(TARGET_NAME)";
				SKIP_INSTALL = YES;
				SUPPORTED_PLATFORMS = "iphoneos iphonesimulator";
				SUPPORTS_MACCATALYST = NO;
				SUPPORTS_MAC_DESIGNED_FOR_IPHONE_IPAD = NO;
				SUPPORTS_XR_DESIGNED_FOR_IPHONE_IPAD = NO;
				SWIFT_APPROACHABLE_CONCURRENCY = YES;
				SWIFT_DEFAULT_ACTOR_ISOLATION = MainActor;
				SWIFT_EMIT_LOC_STRINGS = YES;
				SWIFT_VERSION = 5.0;
				TARGETED_DEVICE_FAMILY = "1,2";
			};
			name = Debug;
		};
		C1A001082EFF000100565DAC /* Release */ = {
			isa = XCBuildConfiguration;
			buildSettings = {
				ASSETCATALOG_COMPILER_GLOBAL_ACCENT_COLOR_NAME = AccentColor;
				CODE_SIGN_ENTITLEMENTS = InsightRunWidgets/InsightRunWidgets.entitlements;
				CODE_SIGN_IDENTITY = "Apple Development";
				CODE_SIGN_STYLE = Automatic;
				CURRENT_PROJECT_VERSION = 369;
				DEVELOPMENT_TEAM = PCTXJ3892R;
				GENERATE_INFOPLIST_FILE = YES;
				INFOPLIST_FILE = InsightRunWidgets/Info.plist;
				INFOPLIST_KEY_CFBundleDisplayName = "InsightRun Widgets";
				INFOPLIST_KEY_NSHumanReadableCopyright = "";
				IPHONEOS_DEPLOYMENT_TARGET = 18.0;
				LD_RUNPATH_SEARCH_PATHS = (
					"$(inherited)",
					"@executable_path/Frameworks",
					"@executable_path/../../Frameworks",
				);
				MARKETING_VERSION = 2.0.12;
				PRODUCT_BUNDLE_IDENTIFIER = com.altcode.insightrun.widgets;
				PRODUCT_NAME = "$(TARGET_NAME)";
				SKIP_INSTALL = YES;
				SUPPORTED_PLATFORMS = "iphoneos iphonesimulator";
				SUPPORTS_MACCATALYST = NO;
				SUPPORTS_MAC_DESIGNED_FOR_IPHONE_IPAD = NO;
				SUPPORTS_XR_DESIGNED_FOR_IPHONE_IPAD = NO;
				SWIFT_APPROACHABLE_CONCURRENCY = YES;
				SWIFT_DEFAULT_ACTOR_ISOLATION = MainActor;
				SWIFT_EMIT_LOC_STRINGS = YES;
				SWIFT_VERSION = 5.0;
				TARGETED_DEVICE_FAMILY = "1,2";
			};
			name = Release;
		};
		09610A99BFF9904088217E1A /* Release */ = {
			isa = XCBuildConfiguration;
			buildSettings = {
				BUNDLE_LOADER = "$(TEST_HOST)";
				CLANG_ENABLE_OBJC_WEAK = NO;
				GENERATE_INFOPLIST_FILE = YES;
				IPHONEOS_DEPLOYMENT_TARGET = 18.6;
				PRODUCT_BUNDLE_IDENTIFIER = com.altcode.insightrunTests;
				PRODUCT_NAME = "$(TARGET_NAME)";
				SDKROOT = iphoneos;
				SWIFT_DEFAULT_ACTOR_ISOLATION = MainActor;
				SWIFT_VERSION = 5.0;
				TARGETED_DEVICE_FAMILY = "1,2";
				TEST_HOST = "$(BUILT_PRODUCTS_DIR)/insightrun.app/$(BUNDLE_EXECUTABLE_FOLDER_PATH)/insightrun";
				VALIDATE_PRODUCT = YES;
			};
			name = Release;
		};
		4E96C06818D7684D3DA6D833 /* Debug */ = {
			isa = XCBuildConfiguration;
			buildSettings = {
				BUNDLE_LOADER = "$(TEST_HOST)";
				CLANG_ENABLE_OBJC_WEAK = NO;
				GENERATE_INFOPLIST_FILE = YES;
				IPHONEOS_DEPLOYMENT_TARGET = 18.6;
				PRODUCT_BUNDLE_IDENTIFIER = com.altcode.insightrunTests;
				PRODUCT_NAME = "$(TARGET_NAME)";
				SDKROOT = iphoneos;
				SWIFT_DEFAULT_ACTOR_ISOLATION = MainActor;
				SWIFT_VERSION = 5.0;
				TARGETED_DEVICE_FAMILY = "1,2";
				TEST_HOST = "$(BUILT_PRODUCTS_DIR)/insightrun.app/$(BUNDLE_EXECUTABLE_FOLDER_PATH)/insightrun";
			};
			name = Debug;
		};
/* End XCBuildConfiguration section */

/* Begin XCConfigurationList section */
		E1A001062F100001005ADB01 /* Build configuration list for PBXNativeTarget "insightrunAnalysisTests" */ = {
			isa = XCConfigurationList;
			buildConfigurations = (
				E1A001072F100001005ADB01 /* Debug */,
				E1A001082F100001005ADB01 /* Release */,
			);
			defaultConfigurationIsVisible = 0;
			defaultConfigurationName = Release;
		};
		94C4BC79716039212F595EB7 /* Build configuration list for PBXNativeTarget "insightrunUITests" */ = {
			isa = XCConfigurationList;
			buildConfigurations = (
				2DAA3DFC7119E49EA93A6D91 /* Release */,
				B13FAD6D020ADB1B62C4E8CA /* Debug */,
			);
			defaultConfigurationIsVisible = 0;
			defaultConfigurationName = Release;
		};
		BE013B532E9E7D83003FB282 /* Build configuration list for PBXProject "insightrun" */ = {
			isa = XCConfigurationList;
			buildConfigurations = (
				BE013B612E9E7D84003FB282 /* Debug */,
				BE013B622E9E7D84003FB282 /* Release */,
			);
			defaultConfigurationIsVisible = 0;
			defaultConfigurationName = Release;
		};
		BE013B632E9E7D84003FB282 /* Build configuration list for PBXNativeTarget "insightrun" */ = {
			isa = XCConfigurationList;
			buildConfigurations = (
				BE013B642E9E7D84003FB282 /* Debug */,
				BE013B652E9E7D84003FB282 /* Release */,
			);
			defaultConfigurationIsVisible = 0;
			defaultConfigurationName = Release;
		};
		C1A001062EFF000100565DAC /* Build configuration list for PBXNativeTarget "InsightRunWidgets" */ = {
			isa = XCConfigurationList;
			buildConfigurations = (
				C1A001072EFF000100565DAC /* Debug */,
				C1A001082EFF000100565DAC /* Release */,
			);
			defaultConfigurationIsVisible = 0;
			defaultConfigurationName = Release;
		};
		75074C5E87250DB35B035444 /* Build configuration list for PBXNativeTarget "insightrunTests" */ = {
			isa = XCConfigurationList;
			buildConfigurations = (
				09610A99BFF9904088217E1A /* Release */,
				4E96C06818D7684D3DA6D833 /* Debug */,
			);
			defaultConfigurationIsVisible = 0;
			defaultConfigurationName = Release;
		};
/* End XCConfigurationList section */

/* Begin XCRemoteSwiftPackageReference section */
		BE6597492EB222A300565DAC /* XCRemoteSwiftPackageReference "purchases-ios-spm" */ = {
			isa = XCRemoteSwiftPackageReference;
			repositoryURL = "git@github.com:RevenueCat/purchases-ios-spm.git";
			requirement = {
				kind = upToNextMajorVersion;
				minimumVersion = 5.90.2;
			};
		};
		BE6597A42EB2625F00565DAC /* XCRemoteSwiftPackageReference "posthog-ios" */ = {
			isa = XCRemoteSwiftPackageReference;
			repositoryURL = "git@github.com:PostHog/posthog-ios.git";
			requirement = {
				kind = upToNextMajorVersion;
				minimumVersion = 3.34.0;
			};
		};
		BE6597AE2EB3000000565DAC /* XCRemoteSwiftPackageReference "FitFileParser" */ = {
			isa = XCRemoteSwiftPackageReference;
			repositoryURL = "https://github.com/roznet/FitFileParser.git";
			requirement = {
				kind = upToNextMajorVersion;
				minimumVersion = 1.5.0;
			};
		};
/* End XCRemoteSwiftPackageReference section */

/* Begin XCSwiftPackageProductDependency section */
		BE65974A2EB222A300565DAC /* RevenueCat */ = {
			isa = XCSwiftPackageProductDependency;
			package = BE6597492EB222A300565DAC /* XCRemoteSwiftPackageReference "purchases-ios-spm" */;
			productName = RevenueCat;
		};
		BE65974C2EB222A300565DAC /* RevenueCatUI */ = {
			isa = XCSwiftPackageProductDependency;
			package = BE6597492EB222A300565DAC /* XCRemoteSwiftPackageReference "purchases-ios-spm" */;
			productName = RevenueCatUI;
		};
		BE6597A52EB2625F00565DAC /* PostHog */ = {
			isa = XCSwiftPackageProductDependency;
			package = BE6597A42EB2625F00565DAC /* XCRemoteSwiftPackageReference "posthog-ios" */;
			productName = PostHog;
		};
		BE6597AF2EB3000000565DAC /* FitFileParser */ = {
			isa = XCSwiftPackageProductDependency;
			package = BE6597AE2EB3000000565DAC /* XCRemoteSwiftPackageReference "FitFileParser" */;
			productName = FitFileParser;
		};
/* End XCSwiftPackageProductDependency section */
	};
	rootObject = BE013B502E9E7D83003FB282 /* Project object */;
}
