{
  "originHash" : "a5dea8f1d0efdd7769ea8da6055f6ad83b87aa8a838145a497e9f885fe192512",
  "pins" : [
    {
      "identity" : "fitfileparser",
      "kind" : "remoteSourceControl",
      "location" : "https://github.com/roznet/FitFileParser.git",
      "state" : {
        "revision" : "afcdf1677d89819f305f7714bb3b6a18dca05cc6",
        "version" : "1.5.2"
      }
    },
    {
      "identity" : "posthog-ios",
      "kind" : "remoteSourceControl",
      "location" : "git@github.com:PostHog/posthog-ios.git",
      "state" : {
        "revision" : "ba5dd65d2341ab8ea1949f072594ef67c490af3a",
        "version" : "3.34.0"
      }
    },
    {
      "identity" : "purchases-ios-spm",
      "kind" : "remoteSourceControl",
      "location" : "git@github.com:RevenueCat/purchases-ios-spm.git",
      "state" : {
        "revision" : "5a0985f297ccd8870c85d86fde97695ca466ff99",
        "version" : "5.45.0"
      }
    }
  ],
  "version" : 3
}
