{
  "originHash" : "a5dea8f1d0efdd7769ea8da6055f6ad83b87aa8a838145a497e9f885fe192512",
  "pins" : [
    {
      "identity" : "fitfileparser",
      "kind" : "remoteSourceControl",
      "location" : "https://github.com/roznet/FitFileParser.git",
      "state" : {
        "revision" : "afcdf1677d89819f305f7714bb3b6a18dca05cc6",
        "version" : "1.5.2"
      }
    },
    {
      "identity" : "posthog-ios",
      "kind" : "remoteSourceControl",
      "location" : "git@github.com:PostHog/posthog-ios.git",
      "state" : {
        "revision" : "750dc1cf8a06a9cf2e0dc8f1fe26c9c531a7da5b",
        "version" : "3.60.0"
      }
    },
    {
      "identity" : "purchases-ios-spm",
      "kind" : "remoteSourceControl",
      "location" : "git@github.com:RevenueCat/purchases-ios-spm.git",
      "state" : {
        "revision" : "629a56ecef190469914b8f0914bf0446363eb09f",
        "version" : "5.78.0"
      }
    }
  ],
  "version" : 3
}
